
Microsoft Visual Studio Solution File, Format Version 12.00
# Visual Studio 15
VisualStudioVersion = 15.0.34112.143
MinimumVisualStudioVersion = 10.0.40219.1
Project("{FAE04EC0-301F-11D3-BF4B-00C04F79EFBC}") = "Redstore", "Redstore\Redstore.csproj", "{46BC6CC2-E264-4B08-9F4E-723E9BDCB69C}"
EndProject
Global
	GlobalSection(SolutionConfigurationPlatforms) = preSolution
		Debug|Any CPU = Debug|Any CPU
		Release|Any CPU = Release|Any CPU
	EndGlobalSection
	GlobalSection(ProjectConfigurationPlatforms) = postSolution
		{46BC6CC2-E264-4B08-9F4E-723E9BDCB69C}.Debug|Any CPU.ActiveCfg = Debug|Any CPU
		{46BC6CC2-E264-4B08-9F4E-723E9BDCB69C}.Debug|Any CPU.Build.0 = Debug|Any CPU
		{46BC6CC2-E264-4B08-9F4E-723E9BDCB69C}.Release|Any CPU.ActiveCfg = Release|Any CPU
		{46BC6CC2-E264-4B08-9F4E-723E9BDCB69C}.Release|Any CPU.Build.0 = Release|Any CPU
	EndGlobalSection
	GlobalSection(SolutionProperties) = preSolution
		HideSolutionNode = FALSE
	EndGlobalSection
	GlobalSection(ExtensibilityGlobals) = postSolution
		SolutionGuid = {715B91F0-DB49-472D-85F2-F227CFE1CCC6}
	EndGlobalSection
EndGlobal
